
Microsoft Visual Studio Solution File, Format Version 12.00
# Visual Studio Version 17
VisualStudioVersion = 17.13.35806.99
MinimumVisualStudioVersion = 10.0.40219.1
Project("{FAE04EC0-301F-11D3-BF4B-00C04F79EFBC}") = "AudioHub", "AudioHub.csproj", "{67960204-B144-4B27-A7DF-4103EEF12373}"
EndProject
Project("{FAE04EC0-301F-11D3-BF4B-00C04F79EFBC}") = "AudioHubCore", "..\AudioHubCore\AudioHubCore.csproj", "{44BD0422-1B0A-F73B-BF73-F52F9D783457}"
EndProject
Global
	GlobalSection(SolutionConfigurationPlatforms) = preSolution
		Debug|Any CPU = Debug|Any CPU
		Debug|x64 = Debug|x64
		Debug|x86 = Debug|x86
		Release|Any CPU = Release|Any CPU
		Release|x64 = Release|x64
		Release|x86 = Release|x86
	EndGlobalSection
	GlobalSection(ProjectConfigurationPlatforms) = postSolution
		{67960204-B144-4B27-A7DF-4103EEF12373}.Debug|Any CPU.ActiveCfg = Debug|Any CPU
		{67960204-B144-4B27-A7DF-4103EEF12373}.Debug|Any CPU.Build.0 = Debug|Any CPU
		{67960204-B144-4B27-A7DF-4103EEF12373}.Debug|x64.ActiveCfg = Debug|x64
		{67960204-B144-4B27-A7DF-4103EEF12373}.Debug|x64.Build.0 = Debug|x64
		{67960204-B144-4B27-A7DF-4103EEF12373}.Debug|x86.ActiveCfg = Debug|x86
		{67960204-B144-4B27-A7DF-4103EEF12373}.Debug|x86.Build.0 = Debug|x86
		{67960204-B144-4B27-A7DF-4103EEF12373}.Release|Any CPU.ActiveCfg = Release|Any CPU
		{67960204-B144-4B27-A7DF-4103EEF12373}.Release|Any CPU.Build.0 = Release|Any CPU
		{67960204-B144-4B27-A7DF-4103EEF12373}.Release|x64.ActiveCfg = Release|x64
		{67960204-B144-4B27-A7DF-4103EEF12373}.Release|x64.Build.0 = Release|x64
		{67960204-B144-4B27-A7DF-4103EEF12373}.Release|x86.ActiveCfg = Release|x86
		{67960204-B144-4B27-A7DF-4103EEF12373}.Release|x86.Build.0 = Release|x86
		{44BD0422-1B0A-F73B-BF73-F52F9D783457}.Debug|Any CPU.ActiveCfg = Debug|Any CPU
		{44BD0422-1B0A-F73B-BF73-F52F9D783457}.Debug|Any CPU.Build.0 = Debug|Any CPU
		{44BD0422-1B0A-F73B-BF73-F52F9D783457}.Debug|x64.ActiveCfg = Debug|Any CPU
		{44BD0422-1B0A-F73B-BF73-F52F9D783457}.Debug|x64.Build.0 = Debug|Any CPU
		{44BD0422-1B0A-F73B-BF73-F52F9D783457}.Debug|x86.ActiveCfg = Debug|Any CPU
		{44BD0422-1B0A-F73B-BF73-F52F9D783457}.Debug|x86.Build.0 = Debug|Any CPU
		{44BD0422-1B0A-F73B-BF73-F52F9D783457}.Release|Any CPU.ActiveCfg = Release|Any CPU
		{44BD0422-1B0A-F73B-BF73-F52F9D783457}.Release|Any CPU.Build.0 = Release|Any CPU
		{44BD0422-1B0A-F73B-BF73-F52F9D783457}.Release|x64.ActiveCfg = Release|Any CPU
		{44BD0422-1B0A-F73B-BF73-F52F9D783457}.Release|x64.Build.0 = Release|Any CPU
		{44BD0422-1B0A-F73B-BF73-F52F9D783457}.Release|x86.ActiveCfg = Release|Any CPU
		{44BD0422-1B0A-F73B-BF73-F52F9D783457}.Release|x86.Build.0 = Release|Any CPU
	EndGlobalSection
	GlobalSection(SolutionProperties) = preSolution
		HideSolutionNode = FALSE
	EndGlobalSection
	GlobalSection(ExtensibilityGlobals) = postSolution
		SolutionGuid = {13658F08-3D5F-4CF6-AE98-94B7450E9D3E}
	EndGlobalSection
EndGlobal
